{
  "nodes": {
    "root": {
      "inputs": {
        "templates": "templates"
      }
    },
    "templates": {
      "locked": {
        "lastModified": 1708484632,
        "narHash": "sha256-6UD350MflALvXNkcnZ6VtkuD41mW15NZ7wM+/65uQGY=",
        "owner": "NixOS",
        "repo": "templates",
        "rev": "259699d91baef738c5826106b3aa46ddfcd4da51",
        "type": "github"
      },
      "original": {
        "owner": "NixOS",
        "repo": "templates",
        "type": "github"
      }
    }
  },
  "root": "root",
  "version": 7
}
